{
  "name": "VISHNU_COLLEGE",
  "lockfileVersion": 2,
  "requires": true,
  "packages": {
    "": {
      "dependencies": {
        "command": "^0.0.1"
      }
    },
    "node_modules/command": {
      "version": "0.0.1",
      "resolved": "https://registry.npmjs.org/command/-/command-0.0.1.tgz",
      "integrity": "sha512-onyjbS39M1UgjwmRnzm8+PjJWTnVbc45glloE4X4kRHZFnJbEURTq38opvQsduC7tsgWvIJbXaBscJFp55f8Sw=="
    }
  },
  "dependencies": {
    "command": {
      "version": "0.0.1",
      "resolved": "https://registry.npmjs.org/command/-/command-0.0.1.tgz",
      "integrity": "sha512-onyjbS39M1UgjwmRnzm8+PjJWTnVbc45glloE4X4kRHZFnJbEURTq38opvQsduC7tsgWvIJbXaBscJFp55f8Sw=="
    }
  }
}
